
Microsoft Visual Studio Solution File, Format Version 12.00
# Visual Studio Version 16
VisualStudioVersion = 16.0.32228.343
MinimumVisualStudioVersion = 10.0.40219.1
Project("{8BC9CEB8-8B4A-11D0-8D11-00A0C91BC942}") = "04.10分支和循环", "04.10分支和循环.vcxproj", "{83C57EB7-46A5-490C-914B-D8515FC5BDA6}"
EndProject
Global
	GlobalSection(SolutionConfigurationPlatforms) = preSolution
		Debug|x64 = Debug|x64
		Debug|x86 = Debug|x86
		Release|x64 = Release|x64
		Release|x86 = Release|x86
	EndGlobalSection
	GlobalSection(ProjectConfigurationPlatforms) = postSolution
		{83C57EB7-46A5-490C-914B-D8515FC5BDA6}.Debug|x64.ActiveCfg = Debug|x64
		{83C57EB7-46A5-490C-914B-D8515FC5BDA6}.Debug|x64.Build.0 = Debug|x64
		{83C57EB7-46A5-490C-914B-D8515FC5BDA6}.Debug|x86.ActiveCfg = Debug|Win32
		{83C57EB7-46A5-490C-914B-D8515FC5BDA6}.Debug|x86.Build.0 = Debug|Win32
		{83C57EB7-46A5-490C-914B-D8515FC5BDA6}.Release|x64.ActiveCfg = Release|x64
		{83C57EB7-46A5-490C-914B-D8515FC5BDA6}.Release|x64.Build.0 = Release|x64
		{83C57EB7-46A5-490C-914B-D8515FC5BDA6}.Release|x86.ActiveCfg = Release|Win32
		{83C57EB7-46A5-490C-914B-D8515FC5BDA6}.Release|x86.Build.0 = Release|Win32
	EndGlobalSection
	GlobalSection(SolutionProperties) = preSolution
		HideSolutionNode = FALSE
	EndGlobalSection
	GlobalSection(ExtensibilityGlobals) = postSolution
		SolutionGuid = {F3A092CB-5C26-4A8D-998E-ECF1030C9764}
	EndGlobalSection
EndGlobal
